
Microsoft Visual Studio Solution File, Format Version 12.00
# Visual Studio Version 17
VisualStudioVersion = 17.6.33815.320
MinimumVisualStudioVersion = 10.0.40219.1
Project("{FAE04EC0-301F-11D3-BF4B-00C04F79EFBC}") = "CumledekiKelimeSayisi", "CumledekiKelimeSayisi\CumledekiKelimeSayisi.csproj", "{35615D40-F513-4614-A43C-1B37EADCD3DB}"
EndProject
Global
	GlobalSection(SolutionConfigurationPlatforms) = preSolution
		Debug|Any CPU = Debug|Any CPU
		Release|Any CPU = Release|Any CPU
	EndGlobalSection
	GlobalSection(ProjectConfigurationPlatforms) = postSolution
		{35615D40-F513-4614-A43C-1B37EADCD3DB}.Debug|Any CPU.ActiveCfg = Debug|Any CPU
		{35615D40-F513-4614-A43C-1B37EADCD3DB}.Debug|Any CPU.Build.0 = Debug|Any CPU
		{35615D40-F513-4614-A43C-1B37EADCD3DB}.Release|Any CPU.ActiveCfg = Release|Any CPU
		{35615D40-F513-4614-A43C-1B37EADCD3DB}.Release|Any CPU.Build.0 = Release|Any CPU
	EndGlobalSection
	GlobalSection(SolutionProperties) = preSolution
		HideSolutionNode = FALSE
	EndGlobalSection
	GlobalSection(ExtensibilityGlobals) = postSolution
		SolutionGuid = {1B2EC992-A339-42A0-B449-73EBA6DC8E25}
	EndGlobalSection
EndGlobal
